// !$*UTF8*$!
{
	archiveVersion = 1;
	classes = {
	};
	objectVersion = 56;
	objects = {

/* Begin PBXBuildFile section */
		271596DD2943550B009402D2 /* ProfileForm.swift in Sources */ = {isa = PBXBuildFile; fileRef = 271596DC2943550B009402D2 /* ProfileForm.swift */; };
		271596DF2943559A009402D2 /* Theme.swift in Sources */ = {isa = PBXBuildFile; fileRef = 271596DE2943559A009402D2 /* Theme.swift */; };
		271596E2294355FA009402D2 /* PlayerEntity+Extensions.swift in Sources */ = {isa = PBXBuildFile; fileRef = 271596E1294355FA009402D2 /* PlayerEntity+Extensions.swift */; };
		271596E72943577F009402D2 /* ProfileViewModel.swift in Sources */ = {isa = PBXBuildFile; fileRef = 271596E62943577F009402D2 /* ProfileViewModel.swift */; };
		271596E92943A620009402D2 /* ProfileFormViewModel.swift in Sources */ = {isa = PBXBuildFile; fileRef = 271596E82943A620009402D2 /* ProfileFormViewModel.swift */; };
		271596EB2943B431009402D2 /* CustomTextFieldView.swift in Sources */ = {isa = PBXBuildFile; fileRef = 271596EA2943B431009402D2 /* CustomTextFieldView.swift */; };
		271596ED2943BC57009402D2 /* CustomNumberFieldView.swift in Sources */ = {isa = PBXBuildFile; fileRef = 271596EC2943BC57009402D2 /* CustomNumberFieldView.swift */; };
		2760DB8F2942C8AA0089A0D9 /* FootballStats2022App.swift in Sources */ = {isa = PBXBuildFile; fileRef = 2760DB8E2942C8AA0089A0D9 /* FootballStats2022App.swift */; };
		2760DB932942C8AC0089A0D9 /* Assets.xcassets in Resources */ = {isa = PBXBuildFile; fileRef = 2760DB922942C8AC0089A0D9 /* Assets.xcassets */; };
		2760DB962942C8AC0089A0D9 /* Preview Assets.xcassets in Resources */ = {isa = PBXBuildFile; fileRef = 2760DB952942C8AC0089A0D9 /* Preview Assets.xcassets */; };
		2760DB9F2942C9150089A0D9 /* FootballStatsModel.xcdatamodeld in Sources */ = {isa = PBXBuildFile; fileRef = 2760DB9D2942C9150089A0D9 /* FootballStatsModel.xcdatamodeld */; };
		2760DBA42942CA080089A0D9 /* Symbols.swift in Sources */ = {isa = PBXBuildFile; fileRef = 2760DBA32942CA080089A0D9 /* Symbols.swift */; };
		2760DBAA2942D1AC0089A0D9 /* ProfileImageView.swift in Sources */ = {isa = PBXBuildFile; fileRef = 2760DBA92942D1AC0089A0D9 /* ProfileImageView.swift */; };
		2760DBAC2942D34A0089A0D9 /* ProfileView.swift in Sources */ = {isa = PBXBuildFile; fileRef = 2760DBAB2942D34A0089A0D9 /* ProfileView.swift */; };
/* End PBXBuildFile section */

/* Begin PBXFileReference section */
		271596DC2943550B009402D2 /* ProfileForm.swift */ = {isa = PBXFileReference; lastKnownFileType = sourcecode.swift; path = ProfileForm.swift; sourceTree = "<group>"; };
		271596DE2943559A009402D2 /* Theme.swift */ = {isa = PBXFileReference; lastKnownFileType = sourcecode.swift; path = Theme.swift; sourceTree = "<group>"; };
		271596E1294355FA009402D2 /* PlayerEntity+Extensions.swift */ = {isa = PBXFileReference; lastKnownFileType = sourcecode.swift; path = "PlayerEntity+Extensions.swift"; sourceTree = "<group>"; };
		271596E62943577F009402D2 /* ProfileViewModel.swift */ = {isa = PBXFileReference; lastKnownFileType = sourcecode.swift; path = ProfileViewModel.swift; sourceTree = "<group>"; };
		271596E82943A620009402D2 /* ProfileFormViewModel.swift */ = {isa = PBXFileReference; lastKnownFileType = sourcecode.swift; path = ProfileFormViewModel.swift; sourceTree = "<group>"; };
		271596EA2943B431009402D2 /* CustomTextFieldView.swift */ = {isa = PBXFileReference; lastKnownFileType = sourcecode.swift; path = CustomTextFieldView.swift; sourceTree = "<group>"; };
		271596EC2943BC57009402D2 /* CustomNumberFieldView.swift */ = {isa = PBXFileReference; lastKnownFileType = sourcecode.swift; path = CustomNumberFieldView.swift; sourceTree = "<group>"; };
		2760DB8B2942C8AA0089A0D9 /* FootballStats2022.app */ = {isa = PBXFileReference; explicitFileType = wrapper.application; includeInIndex = 0; path = FootballStats2022.app; sourceTree = BUILT_PRODUCTS_DIR; };
		2760DB8E2942C8AA0089A0D9 /* FootballStats2022App.swift */ = {isa = PBXFileReference; lastKnownFileType = sourcecode.swift; path = FootballStats2022App.swift; sourceTree = "<group>"; };
		2760DB922942C8AC0089A0D9 /* Assets.xcassets */ = {isa = PBXFileReference; lastKnownFileType = folder.assetcatalog; path = Assets.xcassets; sourceTree = "<group>"; };
		2760DB952942C8AC0089A0D9 /* Preview Assets.xcassets */ = {isa = PBXFileReference; lastKnownFileType = folder.assetcatalog; path = "Preview Assets.xcassets"; sourceTree = "<group>"; };
		2760DB9E2942C9150089A0D9 /* FootballStatsModel.xcdatamodel */ = {isa = PBXFileReference; lastKnownFileType = wrapper.xcdatamodel; path = FootballStatsModel.xcdatamodel; sourceTree = "<group>"; };
		2760DBA32942CA080089A0D9 /* Symbols.swift */ = {isa = PBXFileReference; lastKnownFileType = sourcecode.swift; path = Symbols.swift; sourceTree = "<group>"; };
		2760DBA92942D1AC0089A0D9 /* ProfileImageView.swift */ = {isa = PBXFileReference; lastKnownFileType = sourcecode.swift; path = ProfileImageView.swift; sourceTree = "<group>"; };
		2760DBAB2942D34A0089A0D9 /* ProfileView.swift */ = {isa = PBXFileReference; lastKnownFileType = sourcecode.swift; path = ProfileView.swift; sourceTree = "<group>"; };
/* End PBXFileReference section */

/* Begin PBXFrameworksBuildPhase section */
		2760DB882942C8AA0089A0D9 /* Frameworks */ = {
			isa = PBXFrameworksBuildPhase;
			buildActionMask = 2147483647;
			files = (
			);
			runOnlyForDeploymentPostprocessing = 0;
		};
/* End PBXFrameworksBuildPhase section */

/* Begin PBXGroup section */
		271596E0294355DC009402D2 /* Models */ = {
			isa = PBXGroup;
			children = (
				271596E1294355FA009402D2 /* PlayerEntity+Extensions.swift */,
			);
			path = Models;
			sourceTree = "<group>";
		};
		271596E329435705009402D2 /* Views */ = {
			isa = PBXGroup;
			children = (
				271596EA2943B431009402D2 /* CustomTextFieldView.swift */,
				271596EC2943BC57009402D2 /* CustomNumberFieldView.swift */,
			);
			path = Views;
			sourceTree = "<group>";
		};
		271596E42943570F009402D2 /* View Models */ = {
			isa = PBXGroup;
			children = (
			);
			path = "View Models";
			sourceTree = "<group>";
		};
		271596E52943574D009402D2 /* Game List */ = {
			isa = PBXGroup;
			children = (
			);
			path = "Game List";
			sourceTree = "<group>";
		};
		2760DB822942C8AA0089A0D9 = {
			isa = PBXGroup;
			children = (
				2760DB8D2942C8AA0089A0D9 /* FootballStats2022 */,
				2760DB8C2942C8AA0089A0D9 /* Products */,
			);
			sourceTree = "<group>";
		};
		2760DB8C2942C8AA0089A0D9 /* Products */ = {
			isa = PBXGroup;
			children = (
				2760DB8B2942C8AA0089A0D9 /* FootballStats2022.app */,
			);
			name = Products;
			sourceTree = "<group>";
		};
		2760DB8D2942C8AA0089A0D9 /* FootballStats2022 */ = {
			isa = PBXGroup;
			children = (
				2760DB8E2942C8AA0089A0D9 /* FootballStats2022App.swift */,
				2760DBA02942C9BC0089A0D9 /* Base */,
				2760DBA12942C9C50089A0D9 /* Features */,
				2760DBA22942C9EC0089A0D9 /* Resources */,
				2760DBA82942CB1E0089A0D9 /* Utilities */,
				2760DB9C2942C8E90089A0D9 /* Core Data */,
				2760DB922942C8AC0089A0D9 /* Assets.xcassets */,
				2760DB942942C8AC0089A0D9 /* Preview Content */,
			);
			path = FootballStats2022;
			sourceTree = "<group>";
		};
		2760DB942942C8AC0089A0D9 /* Preview Content */ = {
			isa = PBXGroup;
			children = (
				2760DB952942C8AC0089A0D9 /* Preview Assets.xcassets */,
			);
			path = "Preview Content";
			sourceTree = "<group>";
		};
		2760DB9C2942C8E90089A0D9 /* Core Data */ = {
			isa = PBXGroup;
			children = (
				2760DB9D2942C9150089A0D9 /* FootballStatsModel.xcdatamodeld */,
			);
			path = "Core Data";
			sourceTree = "<group>";
		};
		2760DBA02942C9BC0089A0D9 /* Base */ = {
			isa = PBXGroup;
			children = (
				271596E42943570F009402D2 /* View Models */,
				271596E329435705009402D2 /* Views */,
				271596E0294355DC009402D2 /* Models */,
			);
			path = Base;
			sourceTree = "<group>";
		};
		2760DBA12942C9C50089A0D9 /* Features */ = {
			isa = PBXGroup;
			children = (
				271596E52943574D009402D2 /* Game List */,
				2760DBA52942CAEA0089A0D9 /* Player Profile */,
			);
			path = Features;
			sourceTree = "<group>";
		};
		2760DBA22942C9EC0089A0D9 /* Resources */ = {
			isa = PBXGroup;
			children = (
				2760DBA32942CA080089A0D9 /* Symbols.swift */,
				271596DE2943559A009402D2 /* Theme.swift */,
			);
			path = Resources;
			sourceTree = "<group>";
		};
		2760DBA52942CAEA0089A0D9 /* Player Profile */ = {
			isa = PBXGroup;
			children = (
				2760DBA72942CB010089A0D9 /* View Models */,
				2760DBA62942CAF90089A0D9 /* Views */,
			);
			path = "Player Profile";
			sourceTree = "<group>";
		};
		2760DBA62942CAF90089A0D9 /* Views */ = {
			isa = PBXGroup;
			children = (
				2760DBAB2942D34A0089A0D9 /* ProfileView.swift */,
				2760DBA92942D1AC0089A0D9 /* ProfileImageView.swift */,
				271596DC2943550B009402D2 /* ProfileForm.swift */,
			);
			path = Views;
			sourceTree = "<group>";
		};
		2760DBA72942CB010089A0D9 /* View Models */ = {
			isa = PBXGroup;
			children = (
				271596E62943577F009402D2 /* ProfileViewModel.swift */,
				271596E82943A620009402D2 /* ProfileFormViewModel.swift */,
			);
			path = "View Models";
			sourceTree = "<group>";
		};
		2760DBA82942CB1E0089A0D9 /* Utilities */ = {
			isa = PBXGroup;
			children = (
			);
			path = Utilities;
			sourceTree = "<group>";
		};
/* End PBXGroup section */

/* Begin PBXNativeTarget section */
		2760DB8A2942C8AA0089A0D9 /* FootballStats2022 */ = {
			isa = PBXNativeTarget;
			buildConfigurationList = 2760DB992942C8AC0089A0D9 /* Build configuration list for PBXNativeTarget "FootballStats2022" */;
			buildPhases = (
				2760DB872942C8AA0089A0D9 /* Sources */,
				2760DB882942C8AA0089A0D9 /* Frameworks */,
				2760DB892942C8AA0089A0D9 /* Resources */,
			);
			buildRules = (
			);
			dependencies = (
			);
			name = FootballStats2022;
			productName = FootballStats2022;
			productReference = 2760DB8B2942C8AA0089A0D9 /* FootballStats2022.app */;
			productType = "com.apple.product-type.application";
		};
/* End PBXNativeTarget section */

/* Begin PBXProject section */
		2760DB832942C8AA0089A0D9 /* Project object */ = {
			isa = PBXProject;
			attributes = {
				BuildIndependentTargetsInParallel = 1;
				LastSwiftUpdateCheck = 1410;
				LastUpgradeCheck = 1410;
				TargetAttributes = {
					2760DB8A2942C8AA0089A0D9 = {
						CreatedOnToolsVersion = 14.1;
					};
				};
			};
			buildConfigurationList = 2760DB862942C8AA0089A0D9 /* Build configuration list for PBXProject "FootballStats2022" */;
			compatibilityVersion = "Xcode 14.0";
			developmentRegion = en;
			hasScannedForEncodings = 0;
			knownRegions = (
				en,
				Base,
			);
			mainGroup = 2760DB822942C8AA0089A0D9;
			productRefGroup = 2760DB8C2942C8AA0089A0D9 /* Products */;
			projectDirPath = "";
			projectRoot = "";
			targets = (
				2760DB8A2942C8AA0089A0D9 /* FootballStats2022 */,
			);
		};
/* End PBXProject section */

/* Begin PBXResourcesBuildPhase section */
		2760DB892942C8AA0089A0D9 /* Resources */ = {
			isa = PBXResourcesBuildPhase;
			buildActionMask = 2147483647;
			files = (
				2760DB962942C8AC0089A0D9 /* Preview Assets.xcassets in Resources */,
				2760DB932942C8AC0089A0D9 /* Assets.xcassets in Resources */,
			);
			runOnlyForDeploymentPostprocessing = 0;
		};
/* End PBXResourcesBuildPhase section */

/* Begin PBXSourcesBuildPhase section */
		2760DB872942C8AA0089A0D9 /* Sources */ = {
			isa = PBXSourcesBuildPhase;
			buildActionMask = 2147483647;
			files = (
				2760DB9F2942C9150089A0D9 /* FootballStatsModel.xcdatamodeld in Sources */,
				271596ED2943BC57009402D2 /* CustomNumberFieldView.swift in Sources */,
				2760DBA42942CA080089A0D9 /* Symbols.swift in Sources */,
				271596EB2943B431009402D2 /* CustomTextFieldView.swift in Sources */,
				271596E2294355FA009402D2 /* PlayerEntity+Extensions.swift in Sources */,
				271596E72943577F009402D2 /* ProfileViewModel.swift in Sources */,
				271596E92943A620009402D2 /* ProfileFormViewModel.swift in Sources */,
				2760DBAA2942D1AC0089A0D9 /* ProfileImageView.swift in Sources */,
				271596DD2943550B009402D2 /* ProfileForm.swift in Sources */,
				2760DBAC2942D34A0089A0D9 /* ProfileView.swift in Sources */,
				2760DB8F2942C8AA0089A0D9 /* FootballStats2022App.swift in Sources */,
				271596DF2943559A009402D2 /* Theme.swift in Sources */,
			);
			runOnlyForDeploymentPostprocessing = 0;
		};
/* End PBXSourcesBuildPhase section */

/* Begin XCBuildConfiguration section */
		2760DB972942C8AC0089A0D9 /* Debug */ = {
			isa = XCBuildConfiguration;
			buildSettings = {
				ALWAYS_SEARCH_USER_PATHS = NO;
				CLANG_ANALYZER_NONNULL = YES;
				CLANG_ANALYZER_NUMBER_OBJECT_CONVERSION = YES_AGGRESSIVE;
				CLANG_CXX_LANGUAGE_STANDARD = "gnu++20";
				CLANG_ENABLE_MODULES = YES;
				CLANG_ENABLE_OBJC_ARC = YES;
				CLANG_ENABLE_OBJC_WEAK = YES;
				CLANG_WARN_BLOCK_CAPTURE_AUTORELEASING = YES;
				CLANG_WARN_BOOL_CONVERSION = YES;
				CLANG_WARN_COMMA = YES;
				CLANG_WARN_CONSTANT_CONVERSION = YES;
				CLANG_WARN_DEPRECATED_OBJC_IMPLEMENTATIONS = YES;
				CLANG_WARN_DIRECT_OBJC_ISA_USAGE = YES_ERROR;
				CLANG_WARN_DOCUMENTATION_COMMENTS = YES;
				CLANG_WARN_EMPTY_BODY = YES;
				CLANG_WARN_ENUM_CONVERSION = YES;
				CLANG_WARN_INFINITE_RECURSION = YES;
				CLANG_WARN_INT_CONVERSION = YES;
				CLANG_WARN_NON_LITERAL_NULL_CONVERSION = YES;
				CLANG_WARN_OBJC_IMPLICIT_RETAIN_SELF = YES;
				CLANG_WARN_OBJC_LITERAL_CONVERSION = YES;
				CLANG_WARN_OBJC_ROOT_CLASS = YES_ERROR;
				CLANG_WARN_QUOTED_INCLUDE_IN_FRAMEWORK_HEADER = YES;
				CLANG_WARN_RANGE_LOOP_ANALYSIS = YES;
				CLANG_WARN_STRICT_PROTOTYPES = YES;
				CLANG_WARN_SUSPICIOUS_MOVE = YES;
				CLANG_WARN_UNGUARDED_AVAILABILITY = YES_AGGRESSIVE;
				CLANG_WARN_UNREACHABLE_CODE = YES;
				CLANG_WARN__DUPLICATE_METHOD_MATCH = YES;
				COPY_PHASE_STRIP = NO;
				DEBUG_INFORMATION_FORMAT = dwarf;
				ENABLE_STRICT_OBJC_MSGSEND = YES;
				ENABLE_TESTABILITY = YES;
				GCC_C_LANGUAGE_STANDARD = gnu11;
				GCC_DYNAMIC_NO_PIC = NO;
				GCC_NO_COMMON_BLOCKS = YES;
				GCC_OPTIMIZATION_LEVEL = 0;
				GCC_PREPROCESSOR_DEFINITIONS = (
					"DEBUG=1",
					"$(inherited)",
				);
				GCC_WARN_64_TO_32_BIT_CONVERSION = YES;
				GCC_WARN_ABOUT_RETURN_TYPE = YES_ERROR;
				GCC_WARN_UNDECLARED_SELECTOR = YES;
				GCC_WARN_UNINITIALIZED_AUTOS = YES_AGGRESSIVE;
				GCC_WARN_UNUSED_FUNCTION = YES;
				GCC_WARN_UNUSED_VARIABLE = YES;
				IPHONEOS_DEPLOYMENT_TARGET = 16.1;
				MTL_ENABLE_DEBUG_INFO = INCLUDE_SOURCE;
				MTL_FAST_MATH = YES;
				ONLY_ACTIVE_ARCH = YES;
				SDKROOT = iphoneos;
				SWIFT_ACTIVE_COMPILATION_CONDITIONS = DEBUG;
				SWIFT_OPTIMIZATION_LEVEL = "-Onone";
			};
			name = Debug;
		};
		2760DB982942C8AC0089A0D9 /* Release */ = {
			isa = XCBuildConfiguration;
			buildSettings = {
				ALWAYS_SEARCH_USER_PATHS = NO;
				CLANG_ANALYZER_NONNULL = YES;
				CLANG_ANALYZER_NUMBER_OBJECT_CONVERSION = YES_AGGRESSIVE;
				CLANG_CXX_LANGUAGE_STANDARD = "gnu++20";
				CLANG_ENABLE_MODULES = YES;
				CLANG_ENABLE_OBJC_ARC = YES;
				CLANG_ENABLE_OBJC_WEAK = YES;
				CLANG_WARN_BLOCK_CAPTURE_AUTORELEASING = YES;
				CLANG_WARN_BOOL_CONVERSION = YES;
				CLANG_WARN_COMMA = YES;
				CLANG_WARN_CONSTANT_CONVERSION = YES;
				CLANG_WARN_DEPRECATED_OBJC_IMPLEMENTATIONS = YES;
				CLANG_WARN_DIRECT_OBJC_ISA_USAGE = YES_ERROR;
				CLANG_WARN_DOCUMENTATION_COMMENTS = YES;
				CLANG_WARN_EMPTY_BODY = YES;
				CLANG_WARN_ENUM_CONVERSION = YES;
				CLANG_WARN_INFINITE_RECURSION = YES;
				CLANG_WARN_INT_CONVERSION = YES;
				CLANG_WARN_NON_LITERAL_NULL_CONVERSION = YES;
				CLANG_WARN_OBJC_IMPLICIT_RETAIN_SELF = YES;
				CLANG_WARN_OBJC_LITERAL_CONVERSION = YES;
				CLANG_WARN_OBJC_ROOT_CLASS = YES_ERROR;
				CLANG_WARN_QUOTED_INCLUDE_IN_FRAMEWORK_HEADER = YES;
				CLANG_WARN_RANGE_LOOP_ANALYSIS = YES;
				CLANG_WARN_STRICT_PROTOTYPES = YES;
				CLANG_WARN_SUSPICIOUS_MOVE = YES;
				CLANG_WARN_UNGUARDED_AVAILABILITY = YES_AGGRESSIVE;
				CLANG_WARN_UNREACHABLE_CODE = YES;
				CLANG_WARN__DUPLICATE_METHOD_MATCH = YES;
				COPY_PHASE_STRIP = NO;
				DEBUG_INFORMATION_FORMAT = "dwarf-with-dsym";
				ENABLE_NS_ASSERTIONS = NO;
				ENABLE_STRICT_OBJC_MSGSEND = YES;
				GCC_C_LANGUAGE_STANDARD = gnu11;
				GCC_NO_COMMON_BLOCKS = YES;
				GCC_WARN_64_TO_32_BIT_CONVERSION = YES;
				GCC_WARN_ABOUT_RETURN_TYPE = YES_ERROR;
				GCC_WARN_UNDECLARED_SELECTOR = YES;
				GCC_WARN_UNINITIALIZED_AUTOS = YES_AGGRESSIVE;
				GCC_WARN_UNUSED_FUNCTION = YES;
				GCC_WARN_UNUSED_VARIABLE = YES;
				IPHONEOS_DEPLOYMENT_TARGET = 16.1;
				MTL_ENABLE_DEBUG_INFO = NO;
				MTL_FAST_MATH = YES;
				SDKROOT = iphoneos;
				SWIFT_COMPILATION_MODE = wholemodule;
				SWIFT_OPTIMIZATION_LEVEL = "-O";
				VALIDATE_PRODUCT = YES;
			};
			name = Release;
		};
		2760DB9A2942C8AC0089A0D9 /* Debug */ = {
			isa = XCBuildConfiguration;
			buildSettings = {
				ASSETCATALOG_COMPILER_APPICON_NAME = AppIcon;
				ASSETCATALOG_COMPILER_GLOBAL_ACCENT_COLOR_NAME = AccentColor;
				CODE_SIGN_STYLE = Automatic;
				CURRENT_PROJECT_VERSION = 1;
				DEVELOPMENT_ASSET_PATHS = "\"FootballStats2022/Preview Content\"";
				DEVELOPMENT_TEAM = WL7FA3UC8X;
				ENABLE_PREVIEWS = YES;
				GENERATE_INFOPLIST_FILE = YES;
				INFOPLIST_KEY_UIApplicationSceneManifest_Generation = YES;
				INFOPLIST_KEY_UIApplicationSupportsIndirectInputEvents = YES;
				INFOPLIST_KEY_UILaunchScreen_Generation = YES;
				INFOPLIST_KEY_UISupportedInterfaceOrientations_iPad = "UIInterfaceOrientationPortrait UIInterfaceOrientationPortraitUpsideDown UIInterfaceOrientationLandscapeLeft UIInterfaceOrientationLandscapeRight";
				INFOPLIST_KEY_UISupportedInterfaceOrientations_iPhone = "UIInterfaceOrientationPortrait UIInterfaceOrientationLandscapeLeft UIInterfaceOrientationLandscapeRight";
				LD_RUNPATH_SEARCH_PATHS = (
					"$(inherited)",
					"@executable_path/Frameworks",
				);
				MARKETING_VERSION = 1.0;
				PRODUCT_BUNDLE_IDENTIFIER = com.pottsma.FootballStats2022;
				PRODUCT_NAME = "$(TARGET_NAME)";
				SWIFT_EMIT_LOC_STRINGS = YES;
				SWIFT_VERSION = 5.0;
				TARGETED_DEVICE_FAMILY = "1,2";
			};
			name = Debug;
		};
		2760DB9B2942C8AC0089A0D9 /* Release */ = {
			isa = XCBuildConfiguration;
			buildSettings = {
				ASSETCATALOG_COMPILER_APPICON_NAME = AppIcon;
				ASSETCATALOG_COMPILER_GLOBAL_ACCENT_COLOR_NAME = AccentColor;
				CODE_SIGN_STYLE = Automatic;
				CURRENT_PROJECT_VERSION = 1;
				DEVELOPMENT_ASSET_PATHS = "\"FootballStats2022/Preview Content\"";
				DEVELOPMENT_TEAM = WL7FA3UC8X;
				ENABLE_PREVIEWS = YES;
				GENERATE_INFOPLIST_FILE = YES;
				INFOPLIST_KEY_UIApplicationSceneManifest_Generation = YES;
				INFOPLIST_KEY_UIApplicationSupportsIndirectInputEvents = YES;
				INFOPLIST_KEY_UILaunchScreen_Generation = YES;
				INFOPLIST_KEY_UISupportedInterfaceOrientations_iPad = "UIInterfaceOrientationPortrait UIInterfaceOrientationPortraitUpsideDown UIInterfaceOrientationLandscapeLeft UIInterfaceOrientationLandscapeRight";
				INFOPLIST_KEY_UISupportedInterfaceOrientations_iPhone = "UIInterfaceOrientationPortrait UIInterfaceOrientationLandscapeLeft UIInterfaceOrientationLandscapeRight";
				LD_RUNPATH_SEARCH_PATHS = (
					"$(inherited)",
					"@executable_path/Frameworks",
				);
				MARKETING_VERSION = 1.0;
				PRODUCT_BUNDLE_IDENTIFIER = com.pottsma.FootballStats2022;
				PRODUCT_NAME = "$(TARGET_NAME)";
				SWIFT_EMIT_LOC_STRINGS = YES;
				SWIFT_VERSION = 5.0;
				TARGETED_DEVICE_FAMILY = "1,2";
			};
			name = Release;
		};
/* End XCBuildConfiguration section */

/* Begin XCConfigurationList section */
		2760DB862942C8AA0089A0D9 /* Build configuration list for PBXProject "FootballStats2022" */ = {
			isa = XCConfigurationList;
			buildConfigurations = (
				2760DB972942C8AC0089A0D9 /* Debug */,
				2760DB982942C8AC0089A0D9 /* Release */,
			);
			defaultConfigurationIsVisible = 0;
			defaultConfigurationName = Release;
		};
		2760DB992942C8AC0089A0D9 /* Build configuration list for PBXNativeTarget "FootballStats2022" */ = {
			isa = XCConfigurationList;
			buildConfigurations = (
				2760DB9A2942C8AC0089A0D9 /* Debug */,
				2760DB9B2942C8AC0089A0D9 /* Release */,
			);
			defaultConfigurationIsVisible = 0;
			defaultConfigurationName = Release;
		};
/* End XCConfigurationList section */

/* Begin XCVersionGroup section */
		2760DB9D2942C9150089A0D9 /* FootballStatsModel.xcdatamodeld */ = {
			isa = XCVersionGroup;
			children = (
				2760DB9E2942C9150089A0D9 /* FootballStatsModel.xcdatamodel */,
			);
			currentVersion = 2760DB9E2942C9150089A0D9 /* FootballStatsModel.xcdatamodel */;
			path = FootballStatsModel.xcdatamodeld;
			sourceTree = "<group>";
			versionGroupType = wrapper.xcdatamodel;
		};
/* End XCVersionGroup section */
	};
	rootObject = 2760DB832942C8AA0089A0D9 /* Project object */;
}
